// !$*UTF8*$!
{
	archiveVersion = 1;
	classes = {
	};
	objectVersion = 46;
	objects = {

/* Begin PBXBuildFile section */
		479750E2262FEBB7E660D738 /* Pods_SimpleWeatherInfo_RealmTest.framework in Frameworks */ = {isa = PBXBuildFile; fileRef = C6965E1E982334B268266442 /* Pods_SimpleWeatherInfo_RealmTest.framework */; };
		E736B9321D61D360009FA51E /* RepositoryTableViewCell.swift in Sources */ = {isa = PBXBuildFile; fileRef = E736B9311D61D360009FA51E /* RepositoryTableViewCell.swift */; };
		E772C6181D6DB9790011FE01 /* WeatherCurrentMod.swift in Sources */ = {isa = PBXBuildFile; fileRef = E772C6171D6DB9790011FE01 /* WeatherCurrentMod.swift */; };
		E772C61A1D6DE39E0011FE01 /* WeatherCityMod.swift in Sources */ = {isa = PBXBuildFile; fileRef = E772C6191D6DE39E0011FE01 /* WeatherCityMod.swift */; };
		E772C61C1D6F41C90011FE01 /* PreviewOfObjects.swift in Sources */ = {isa = PBXBuildFile; fileRef = E772C61B1D6F41C90011FE01 /* PreviewOfObjects.swift */; };
		E794228F1D4A411700982887 /* WeatherCurrent.swift in Sources */ = {isa = PBXBuildFile; fileRef = E794228E1D4A411700982887 /* WeatherCurrent.swift */; };
		E79422911D4A46CA00982887 /* WeatherCity.swift in Sources */ = {isa = PBXBuildFile; fileRef = E79422901D4A46CA00982887 /* WeatherCity.swift */; };
		E79422941D4A4CA000982887 /* Optional+Browser.swift in Sources */ = {isa = PBXBuildFile; fileRef = E79422931D4A4CA000982887 /* Optional+Browser.swift */; };
		E79422971D4A55C200982887 /* GeneralVariables.swift in Sources */ = {isa = PBXBuildFile; fileRef = E79422961D4A55C200982887 /* GeneralVariables.swift */; };
		E794229A1D4A5B1D00982887 /* OpenweathermapOrgApi.swift in Sources */ = {isa = PBXBuildFile; fileRef = E79422991D4A5B1D00982887 /* OpenweathermapOrgApi.swift */; };
		E794229C1D4B437E00982887 /* helpersLinks.strings in Resources */ = {isa = PBXBuildFile; fileRef = E794229B1D4B437E00982887 /* helpersLinks.strings */; };
		E794229E1D4B628900982887 /* WeatherTableViewController.swift in Sources */ = {isa = PBXBuildFile; fileRef = E794229D1D4B628900982887 /* WeatherTableViewController.swift */; };
		E79422A01D4B62B500982887 /* WeatherMainViewController.swift in Sources */ = {isa = PBXBuildFile; fileRef = E794229F1D4B62B500982887 /* WeatherMainViewController.swift */; };
		E7C250681D48EC34007632A5 /* AppDelegate.swift in Sources */ = {isa = PBXBuildFile; fileRef = E7C250671D48EC34007632A5 /* AppDelegate.swift */; };
		E7C250801D48F8A4007632A5 /* Assets.xcassets in Resources */ = {isa = PBXBuildFile; fileRef = E7C2507F1D48F8A4007632A5 /* Assets.xcassets */; };
		E7C2508C1D48F8F0007632A5 /* LaunchScreen.storyboard in Resources */ = {isa = PBXBuildFile; fileRef = E7C250881D48F8F0007632A5 /* LaunchScreen.storyboard */; };
		E7C2508D1D48F8F0007632A5 /* Main.storyboard in Resources */ = {isa = PBXBuildFile; fileRef = E7C2508A1D48F8F0007632A5 /* Main.storyboard */; };
		E7DE49761D7049B30048EB77 /* RealmUtil.swift in Sources */ = {isa = PBXBuildFile; fileRef = E7DE49751D7049B30048EB77 /* RealmUtil.swift */; };
		E7DE49781D7051760048EB77 /* GenericWeatherModel.swift in Sources */ = {isa = PBXBuildFile; fileRef = E7DE49771D7051760048EB77 /* GenericWeatherModel.swift */; };
/* End PBXBuildFile section */

/* Begin PBXFileReference section */
		C6965E1E982334B268266442 /* Pods_SimpleWeatherInfo_RealmTest.framework */ = {isa = PBXFileReference; explicitFileType = wrapper.framework; includeInIndex = 0; path = Pods_SimpleWeatherInfo_RealmTest.framework; sourceTree = BUILT_PRODUCTS_DIR; };
		D8E0A7A3D21D0C22A9E07A3A /* Pods-SimpleWeatherInfo-RealmTest.release.xcconfig */ = {isa = PBXFileReference; includeInIndex = 1; lastKnownFileType = text.xcconfig; name = "Pods-SimpleWeatherInfo-RealmTest.release.xcconfig"; path = "Pods/Target Support Files/Pods-SimpleWeatherInfo-RealmTest/Pods-SimpleWeatherInfo-RealmTest.release.xcconfig"; sourceTree = "<group>"; };
		E736B9311D61D360009FA51E /* RepositoryTableViewCell.swift */ = {isa = PBXFileReference; fileEncoding = 4; lastKnownFileType = sourcecode.swift; path = RepositoryTableViewCell.swift; sourceTree = "<group>"; };
		E772C6171D6DB9790011FE01 /* WeatherCurrentMod.swift */ = {isa = PBXFileReference; fileEncoding = 4; lastKnownFileType = sourcecode.swift; path = WeatherCurrentMod.swift; sourceTree = "<group>"; };
		E772C6191D6DE39E0011FE01 /* WeatherCityMod.swift */ = {isa = PBXFileReference; fileEncoding = 4; lastKnownFileType = sourcecode.swift; path = WeatherCityMod.swift; sourceTree = "<group>"; };
		E772C61B1D6F41C90011FE01 /* PreviewOfObjects.swift */ = {isa = PBXFileReference; fileEncoding = 4; lastKnownFileType = sourcecode.swift; path = PreviewOfObjects.swift; sourceTree = "<group>"; };
		E794228E1D4A411700982887 /* WeatherCurrent.swift */ = {isa = PBXFileReference; fileEncoding = 4; lastKnownFileType = sourcecode.swift; path = WeatherCurrent.swift; sourceTree = "<group>"; };
		E79422901D4A46CA00982887 /* WeatherCity.swift */ = {isa = PBXFileReference; fileEncoding = 4; lastKnownFileType = sourcecode.swift; path = WeatherCity.swift; sourceTree = "<group>"; };
		E79422931D4A4CA000982887 /* Optional+Browser.swift */ = {isa = PBXFileReference; fileEncoding = 4; lastKnownFileType = sourcecode.swift; path = "Optional+Browser.swift"; sourceTree = "<group>"; };
		E79422961D4A55C200982887 /* GeneralVariables.swift */ = {isa = PBXFileReference; fileEncoding = 4; lastKnownFileType = sourcecode.swift; path = GeneralVariables.swift; sourceTree = "<group>"; };
		E79422991D4A5B1D00982887 /* OpenweathermapOrgApi.swift */ = {isa = PBXFileReference; fileEncoding = 4; lastKnownFileType = sourcecode.swift; path = OpenweathermapOrgApi.swift; sourceTree = "<group>"; };
		E794229B1D4B437E00982887 /* helpersLinks.strings */ = {isa = PBXFileReference; fileEncoding = 4; lastKnownFileType = text.plist.strings; path = helpersLinks.strings; sourceTree = "<group>"; };
		E794229D1D4B628900982887 /* WeatherTableViewController.swift */ = {isa = PBXFileReference; fileEncoding = 4; lastKnownFileType = sourcecode.swift; path = WeatherTableViewController.swift; sourceTree = "<group>"; };
		E794229F1D4B62B500982887 /* WeatherMainViewController.swift */ = {isa = PBXFileReference; fileEncoding = 4; lastKnownFileType = sourcecode.swift; path = WeatherMainViewController.swift; sourceTree = "<group>"; };
		E7C250641D48EC34007632A5 /* SimpleWeatherInfo-RealmTest.app */ = {isa = PBXFileReference; explicitFileType = wrapper.application; includeInIndex = 0; path = "SimpleWeatherInfo-RealmTest.app"; sourceTree = BUILT_PRODUCTS_DIR; };
		E7C250671D48EC34007632A5 /* AppDelegate.swift */ = {isa = PBXFileReference; lastKnownFileType = sourcecode.swift; path = AppDelegate.swift; sourceTree = "<group>"; };
		E7C2507C1D48F6E0007632A5 /* Info.plist */ = {isa = PBXFileReference; fileEncoding = 4; lastKnownFileType = text.plist.xml; path = Info.plist; sourceTree = "<group>"; };
		E7C2507F1D48F8A4007632A5 /* Assets.xcassets */ = {isa = PBXFileReference; lastKnownFileType = folder.assetcatalog; path = Assets.xcassets; sourceTree = "<group>"; };
		E7C250891D48F8F0007632A5 /* Base */ = {isa = PBXFileReference; lastKnownFileType = file.storyboard; name = Base; path = Base.lproj/LaunchScreen.storyboard; sourceTree = "<group>"; };
		E7C2508B1D48F8F0007632A5 /* Base */ = {isa = PBXFileReference; lastKnownFileType = file.storyboard; name = Base; path = Base.lproj/Main.storyboard; sourceTree = "<group>"; };
		E7DE49751D7049B30048EB77 /* RealmUtil.swift */ = {isa = PBXFileReference; fileEncoding = 4; lastKnownFileType = sourcecode.swift; path = RealmUtil.swift; sourceTree = "<group>"; };
		E7DE49771D7051760048EB77 /* GenericWeatherModel.swift */ = {isa = PBXFileReference; fileEncoding = 4; lastKnownFileType = sourcecode.swift; path = GenericWeatherModel.swift; sourceTree = "<group>"; };
		F85EF114D9631B861E2988DD /* Pods-SimpleWeatherInfo-RealmTest.debug.xcconfig */ = {isa = PBXFileReference; includeInIndex = 1; lastKnownFileType = text.xcconfig; name = "Pods-SimpleWeatherInfo-RealmTest.debug.xcconfig"; path = "Pods/Target Support Files/Pods-SimpleWeatherInfo-RealmTest/Pods-SimpleWeatherInfo-RealmTest.debug.xcconfig"; sourceTree = "<group>"; };
/* End PBXFileReference section */

/* Begin PBXFrameworksBuildPhase section */
		E7C250611D48EC34007632A5 /* Frameworks */ = {
			isa = PBXFrameworksBuildPhase;
			buildActionMask = 2147483647;
			files = (
				479750E2262FEBB7E660D738 /* Pods_SimpleWeatherInfo_RealmTest.framework in Frameworks */,
			);
			runOnlyForDeploymentPostprocessing = 0;
		};
/* End PBXFrameworksBuildPhase section */

/* Begin PBXGroup section */
		039E4FBD7F996466E4D94D03 /* Frameworks */ = {
			isa = PBXGroup;
			children = (
				C6965E1E982334B268266442 /* Pods_SimpleWeatherInfo_RealmTest.framework */,
			);
			name = Frameworks;
			sourceTree = "<group>";
		};
		2726DA16F1B4FE9DD1C0F058 /* Pods */ = {
			isa = PBXGroup;
			children = (
				F85EF114D9631B861E2988DD /* Pods-SimpleWeatherInfo-RealmTest.debug.xcconfig */,
				D8E0A7A3D21D0C22A9E07A3A /* Pods-SimpleWeatherInfo-RealmTest.release.xcconfig */,
			);
			name = Pods;
			sourceTree = "<group>";
		};
		E794228B1D4A3FA200982887 /* Controller */ = {
			isa = PBXGroup;
			children = (
				E794229F1D4B62B500982887 /* WeatherMainViewController.swift */,
				E794229D1D4B628900982887 /* WeatherTableViewController.swift */,
			);
			path = Controller;
			sourceTree = "<group>";
		};
		E794228C1D4A3FA200982887 /* Model */ = {
			isa = PBXGroup;
			children = (
				E79422901D4A46CA00982887 /* WeatherCity.swift */,
				E794228E1D4A411700982887 /* WeatherCurrent.swift */,
				E772C6191D6DE39E0011FE01 /* WeatherCityMod.swift */,
				E772C6171D6DB9790011FE01 /* WeatherCurrentMod.swift */,
				E7DE49771D7051760048EB77 /* GenericWeatherModel.swift */,
			);
			path = Model;
			sourceTree = "<group>";
		};
		E794228D1D4A3FA200982887 /* View */ = {
			isa = PBXGroup;
			children = (
				E736B9311D61D360009FA51E /* RepositoryTableViewCell.swift */,
			);
			path = View;
			sourceTree = "<group>";
		};
		E79422921D4A4CA000982887 /* Util */ = {
			isa = PBXGroup;
			children = (
				E79422931D4A4CA000982887 /* Optional+Browser.swift */,
				E7DE49751D7049B30048EB77 /* RealmUtil.swift */,
			);
			path = Util;
			sourceTree = "<group>";
		};
		E79422951D4A557F00982887 /* Helpers */ = {
			isa = PBXGroup;
			children = (
				E79422961D4A55C200982887 /* GeneralVariables.swift */,
				E794229B1D4B437E00982887 /* helpersLinks.strings */,
				E772C61B1D6F41C90011FE01 /* PreviewOfObjects.swift */,
			);
			path = Helpers;
			sourceTree = "<group>";
		};
		E79422981D4A5AFA00982887 /* API */ = {
			isa = PBXGroup;
			children = (
				E79422991D4A5B1D00982887 /* OpenweathermapOrgApi.swift */,
			);
			path = API;
			sourceTree = "<group>";
		};
		E7C2505B1D48EC34007632A5 = {
			isa = PBXGroup;
			children = (
				E7C250661D48EC34007632A5 /* SimpleWeatherInfo-RealmTest */,
				E7C250651D48EC34007632A5 /* Products */,
				2726DA16F1B4FE9DD1C0F058 /* Pods */,
				039E4FBD7F996466E4D94D03 /* Frameworks */,
			);
			sourceTree = "<group>";
		};
		E7C250651D48EC34007632A5 /* Products */ = {
			isa = PBXGroup;
			children = (
				E7C250641D48EC34007632A5 /* SimpleWeatherInfo-RealmTest.app */,
			);
			name = Products;
			sourceTree = "<group>";
		};
		E7C250661D48EC34007632A5 /* SimpleWeatherInfo-RealmTest */ = {
			isa = PBXGroup;
			children = (
				E79422981D4A5AFA00982887 /* API */,
				E79422951D4A557F00982887 /* Helpers */,
				E794228C1D4A3FA200982887 /* Model */,
				E794228B1D4A3FA200982887 /* Controller */,
				E794228D1D4A3FA200982887 /* View */,
				E7C250671D48EC34007632A5 /* AppDelegate.swift */,
				E7C2507B1D48F6E0007632A5 /* Source */,
				E79422921D4A4CA000982887 /* Util */,
			);
			path = "SimpleWeatherInfo-RealmTest";
			sourceTree = "<group>";
		};
		E7C2507B1D48F6E0007632A5 /* Source */ = {
			isa = PBXGroup;
			children = (
				E7C250881D48F8F0007632A5 /* LaunchScreen.storyboard */,
				E7C2508A1D48F8F0007632A5 /* Main.storyboard */,
				E7C2507F1D48F8A4007632A5 /* Assets.xcassets */,
				E7C2507C1D48F6E0007632A5 /* Info.plist */,
			);
			path = Source;
			sourceTree = "<group>";
		};
/* End PBXGroup section */

/* Begin PBXNativeTarget section */
		E7C250631D48EC34007632A5 /* SimpleWeatherInfo-RealmTest */ = {
			isa = PBXNativeTarget;
			buildConfigurationList = E7C250761D48EC34007632A5 /* Build configuration list for PBXNativeTarget "SimpleWeatherInfo-RealmTest" */;
			buildPhases = (
				26495E37FD1D08B82FA6C5AD /* Check Pods Manifest.lock */,
				E7C250601D48EC34007632A5 /* Sources */,
				E7C250611D48EC34007632A5 /* Frameworks */,
				E7C250621D48EC34007632A5 /* Resources */,
				BD1BEADE959C7BBF87B7381B /* Embed Pods Frameworks */,
				1B9BA7CBBAF591E8DCAA3915 /* Copy Pods Resources */,
			);
			buildRules = (
			);
			dependencies = (
			);
			name = "SimpleWeatherInfo-RealmTest";
			productName = "SimpleWeatherInfo-RealmTest";
			productReference = E7C250641D48EC34007632A5 /* SimpleWeatherInfo-RealmTest.app */;
			productType = "com.apple.product-type.application";
		};
/* End PBXNativeTarget section */

/* Begin PBXProject section */
		E7C2505C1D48EC34007632A5 /* Project object */ = {
			isa = PBXProject;
			attributes = {
				LastSwiftUpdateCheck = 0730;
				LastUpgradeCheck = 0730;
				ORGANIZATIONNAME = mc373;
				TargetAttributes = {
					E7C250631D48EC34007632A5 = {
						CreatedOnToolsVersion = 7.3.1;
					};
				};
			};
			buildConfigurationList = E7C2505F1D48EC34007632A5 /* Build configuration list for PBXProject "SimpleWeatherInfo-RealmTest" */;
			compatibilityVersion = "Xcode 3.2";
			developmentRegion = English;
			hasScannedForEncodings = 0;
			knownRegions = (
				en,
				Base,
			);
			mainGroup = E7C2505B1D48EC34007632A5;
			productRefGroup = E7C250651D48EC34007632A5 /* Products */;
			projectDirPath = "";
			projectRoot = "";
			targets = (
				E7C250631D48EC34007632A5 /* SimpleWeatherInfo-RealmTest */,
			);
		};
/* End PBXProject section */

/* Begin PBXResourcesBuildPhase section */
		E7C250621D48EC34007632A5 /* Resources */ = {
			isa = PBXResourcesBuildPhase;
			buildActionMask = 2147483647;
			files = (
				E794229C1D4B437E00982887 /* helpersLinks.strings in Resources */,
				E7C2508C1D48F8F0007632A5 /* LaunchScreen.storyboard in Resources */,
				E7C250801D48F8A4007632A5 /* Assets.xcassets in Resources */,
				E7C2508D1D48F8F0007632A5 /* Main.storyboard in Resources */,
			);
			runOnlyForDeploymentPostprocessing = 0;
		};
/* End PBXResourcesBuildPhase section */

/* Begin PBXShellScriptBuildPhase section */
		1B9BA7CBBAF591E8DCAA3915 /* Copy Pods Resources */ = {
			isa = PBXShellScriptBuildPhase;
			buildActionMask = 2147483647;
			files = (
			);
			inputPaths = (
			);
			name = "Copy Pods Resources";
			outputPaths = (
			);
			runOnlyForDeploymentPostprocessing = 0;
			shellPath = /bin/sh;
			shellScript = "\"${SRCROOT}/Pods/Target Support Files/Pods-SimpleWeatherInfo-RealmTest/Pods-SimpleWeatherInfo-RealmTest-resources.sh\"\n";
			showEnvVarsInLog = 0;
		};
		26495E37FD1D08B82FA6C5AD /* Check Pods Manifest.lock */ = {
			isa = PBXShellScriptBuildPhase;
			buildActionMask = 2147483647;
			files = (
			);
			inputPaths = (
			);
			name = "Check Pods Manifest.lock";
			outputPaths = (
			);
			runOnlyForDeploymentPostprocessing = 0;
			shellPath = /bin/sh;
			shellScript = "diff \"${PODS_ROOT}/../Podfile.lock\" \"${PODS_ROOT}/Manifest.lock\" > /dev/null\nif [[ $? != 0 ]] ; then\n    cat << EOM\nerror: The sandbox is not in sync with the Podfile.lock. Run 'pod install' or update your CocoaPods installation.\nEOM\n    exit 1\nfi\n";
			showEnvVarsInLog = 0;
		};
		BD1BEADE959C7BBF87B7381B /* Embed Pods Frameworks */ = {
			isa = PBXShellScriptBuildPhase;
			buildActionMask = 2147483647;
			files = (
			);
			inputPaths = (
			);
			name = "Embed Pods Frameworks";
			outputPaths = (
			);
			runOnlyForDeploymentPostprocessing = 0;
			shellPath = /bin/sh;
			shellScript = "\"${SRCROOT}/Pods/Target Support Files/Pods-SimpleWeatherInfo-RealmTest/Pods-SimpleWeatherInfo-RealmTest-frameworks.sh\"\n";
			showEnvVarsInLog = 0;
		};
/* End PBXShellScriptBuildPhase section */

/* Begin PBXSourcesBuildPhase section */
		E7C250601D48EC34007632A5 /* Sources */ = {
			isa = PBXSourcesBuildPhase;
			buildActionMask = 2147483647;
			files = (
				E736B9321D61D360009FA51E /* RepositoryTableViewCell.swift in Sources */,
				E79422971D4A55C200982887 /* GeneralVariables.swift in Sources */,
				E772C61C1D6F41C90011FE01 /* PreviewOfObjects.swift in Sources */,
				E794229A1D4A5B1D00982887 /* OpenweathermapOrgApi.swift in Sources */,
				E79422911D4A46CA00982887 /* WeatherCity.swift in Sources */,
				E7C250681D48EC34007632A5 /* AppDelegate.swift in Sources */,
				E7DE49781D7051760048EB77 /* GenericWeatherModel.swift in Sources */,
				E772C6181D6DB9790011FE01 /* WeatherCurrentMod.swift in Sources */,
				E772C61A1D6DE39E0011FE01 /* WeatherCityMod.swift in Sources */,
				E7DE49761D7049B30048EB77 /* RealmUtil.swift in Sources */,
				E794229E1D4B628900982887 /* WeatherTableViewController.swift in Sources */,
				E794228F1D4A411700982887 /* WeatherCurrent.swift in Sources */,
				E79422A01D4B62B500982887 /* WeatherMainViewController.swift in Sources */,
				E79422941D4A4CA000982887 /* Optional+Browser.swift in Sources */,
			);
			runOnlyForDeploymentPostprocessing = 0;
		};
/* End PBXSourcesBuildPhase section */

/* Begin PBXVariantGroup section */
		E7C250881D48F8F0007632A5 /* LaunchScreen.storyboard */ = {
			isa = PBXVariantGroup;
			children = (
				E7C250891D48F8F0007632A5 /* Base */,
			);
			name = LaunchScreen.storyboard;
			sourceTree = "<group>";
		};
		E7C2508A1D48F8F0007632A5 /* Main.storyboard */ = {
			isa = PBXVariantGroup;
			children = (
				E7C2508B1D48F8F0007632A5 /* Base */,
			);
			name = Main.storyboard;
			sourceTree = "<group>";
		};
/* End PBXVariantGroup section */

/* Begin XCBuildConfiguration section */
		E7C250741D48EC34007632A5 /* Debug */ = {
			isa = XCBuildConfiguration;
			buildSettings = {
				ALWAYS_SEARCH_USER_PATHS = NO;
				CLANG_ANALYZER_NONNULL = YES;
				CLANG_CXX_LANGUAGE_STANDARD = "gnu++0x";
				CLANG_CXX_LIBRARY = "libc++";
				CLANG_ENABLE_MODULES = YES;
				CLANG_ENABLE_OBJC_ARC = YES;
				CLANG_WARN_BOOL_CONVERSION = YES;
				CLANG_WARN_CONSTANT_CONVERSION = YES;
				CLANG_WARN_DIRECT_OBJC_ISA_USAGE = YES_ERROR;
				CLANG_WARN_EMPTY_BODY = YES;
				CLANG_WARN_ENUM_CONVERSION = YES;
				CLANG_WARN_INT_CONVERSION = YES;
				CLANG_WARN_OBJC_ROOT_CLASS = YES_ERROR;
				CLANG_WARN_UNREACHABLE_CODE = YES;
				CLANG_WARN__DUPLICATE_METHOD_MATCH = YES;
				"CODE_SIGN_IDENTITY[sdk=iphoneos*]" = "iPhone Developer";
				COPY_PHASE_STRIP = NO;
				DEBUG_INFORMATION_FORMAT = dwarf;
				ENABLE_STRICT_OBJC_MSGSEND = YES;
				ENABLE_TESTABILITY = YES;
				GCC_C_LANGUAGE_STANDARD = gnu99;
				GCC_DYNAMIC_NO_PIC = NO;
				GCC_NO_COMMON_BLOCKS = YES;
				GCC_OPTIMIZATION_LEVEL = 0;
				GCC_PREPROCESSOR_DEFINITIONS = (
					"DEBUG=1",
					"$(inherited)",
				);
				GCC_WARN_64_TO_32_BIT_CONVERSION = YES;
				GCC_WARN_ABOUT_RETURN_TYPE = YES_ERROR;
				GCC_WARN_UNDECLARED_SELECTOR = YES;
				GCC_WARN_UNINITIALIZED_AUTOS = YES_AGGRESSIVE;
				GCC_WARN_UNUSED_FUNCTION = YES;
				GCC_WARN_UNUSED_VARIABLE = YES;
				IPHONEOS_DEPLOYMENT_TARGET = 9.3;
				MTL_ENABLE_DEBUG_INFO = YES;
				ONLY_ACTIVE_ARCH = YES;
				SDKROOT = iphoneos;
				SWIFT_OPTIMIZATION_LEVEL = "-Onone";
				TARGETED_DEVICE_FAMILY = "1,2";
			};
			name = Debug;
		};
		E7C250751D48EC34007632A5 /* Release */ = {
			isa = XCBuildConfiguration;
			buildSettings = {
				ALWAYS_SEARCH_USER_PATHS = NO;
				CLANG_ANALYZER_NONNULL = YES;
				CLANG_CXX_LANGUAGE_STANDARD = "gnu++0x";
				CLANG_CXX_LIBRARY = "libc++";
				CLANG_ENABLE_MODULES = YES;
				CLANG_ENABLE_OBJC_ARC = YES;
				CLANG_WARN_BOOL_CONVERSION = YES;
				CLANG_WARN_CONSTANT_CONVERSION = YES;
				CLANG_WARN_DIRECT_OBJC_ISA_USAGE = YES_ERROR;
				CLANG_WARN_EMPTY_BODY = YES;
				CLANG_WARN_ENUM_CONVERSION = YES;
				CLANG_WARN_INT_CONVERSION = YES;
				CLANG_WARN_OBJC_ROOT_CLASS = YES_ERROR;
				CLANG_WARN_UNREACHABLE_CODE = YES;
				CLANG_WARN__DUPLICATE_METHOD_MATCH = YES;
				"CODE_SIGN_IDENTITY[sdk=iphoneos*]" = "iPhone Developer";
				COPY_PHASE_STRIP = NO;
				DEBUG_INFORMATION_FORMAT = "dwarf-with-dsym";
				ENABLE_NS_ASSERTIONS = NO;
				ENABLE_STRICT_OBJC_MSGSEND = YES;
				GCC_C_LANGUAGE_STANDARD = gnu99;
				GCC_NO_COMMON_BLOCKS = YES;
				GCC_WARN_64_TO_32_BIT_CONVERSION = YES;
				GCC_WARN_ABOUT_RETURN_TYPE = YES_ERROR;
				GCC_WARN_UNDECLARED_SELECTOR = YES;
				GCC_WARN_UNINITIALIZED_AUTOS = YES_AGGRESSIVE;
				GCC_WARN_UNUSED_FUNCTION = YES;
				GCC_WARN_UNUSED_VARIABLE = YES;
				IPHONEOS_DEPLOYMENT_TARGET = 9.3;
				MTL_ENABLE_DEBUG_INFO = NO;
				SDKROOT = iphoneos;
				TARGETED_DEVICE_FAMILY = "1,2";
				VALIDATE_PRODUCT = YES;
			};
			name = Release;
		};
		E7C250771D48EC34007632A5 /* Debug */ = {
			isa = XCBuildConfiguration;
			baseConfigurationReference = F85EF114D9631B861E2988DD /* Pods-SimpleWeatherInfo-RealmTest.debug.xcconfig */;
			buildSettings = {
				ASSETCATALOG_COMPILER_APPICON_NAME = AppIcon;
				INFOPLIST_FILE = "$(SRCROOT)/SimpleWeatherInfo-RealmTest/Source/Info.plist";
				LD_RUNPATH_SEARCH_PATHS = "$(inherited) @executable_path/Frameworks";
				PRODUCT_BUNDLE_IDENTIFIER = "test.SimpleWeatherInfo-RealmTest";
				PRODUCT_NAME = "$(TARGET_NAME)";
			};
			name = Debug;
		};
		E7C250781D48EC34007632A5 /* Release */ = {
			isa = XCBuildConfiguration;
			baseConfigurationReference = D8E0A7A3D21D0C22A9E07A3A /* Pods-SimpleWeatherInfo-RealmTest.release.xcconfig */;
			buildSettings = {
				ASSETCATALOG_COMPILER_APPICON_NAME = AppIcon;
				INFOPLIST_FILE = "$(SRCROOT)/SimpleWeatherInfo-RealmTest/Source/Info.plist";
				LD_RUNPATH_SEARCH_PATHS = "$(inherited) @executable_path/Frameworks";
				PRODUCT_BUNDLE_IDENTIFIER = "test.SimpleWeatherInfo-RealmTest";
				PRODUCT_NAME = "$(TARGET_NAME)";
			};
			name = Release;
		};
/* End XCBuildConfiguration section */

/* Begin XCConfigurationList section */
		E7C2505F1D48EC34007632A5 /* Build configuration list for PBXProject "SimpleWeatherInfo-RealmTest" */ = {
			isa = XCConfigurationList;
			buildConfigurations = (
				E7C250741D48EC34007632A5 /* Debug */,
				E7C250751D48EC34007632A5 /* Release */,
			);
			defaultConfigurationIsVisible = 0;
			defaultConfigurationName = Release;
		};
		E7C250761D48EC34007632A5 /* Build configuration list for PBXNativeTarget "SimpleWeatherInfo-RealmTest" */ = {
			isa = XCConfigurationList;
			buildConfigurations = (
				E7C250771D48EC34007632A5 /* Debug */,
				E7C250781D48EC34007632A5 /* Release */,
			);
			defaultConfigurationIsVisible = 0;
			defaultConfigurationName = Release;
		};
/* End XCConfigurationList section */
	};
	rootObject = E7C2505C1D48EC34007632A5 /* Project object */;
}
