PODS:
  - ObjectMapper (1.4.0)
  - Realm (1.0.2):
    - Realm/Headers (= 1.0.2)
  - Realm/Headers (1.0.2)
  - RealmSwift (1.0.2):
    - Realm (= 1.0.2)
  - Siesta (1.0-beta.8):
    - Siesta/Core (= 1.0-beta.8)
  - Siesta/Core (1.0-beta.8)
  - SwiftyJSON (2.3.2)

DEPENDENCIES:
  - ObjectMapper (~> 1.4)
  - RealmSwift (~> 1.0.2)
  - Siesta (>= 1.0-beta.8)
  - SwiftyJSON (~> 2.3.2)

SPEC CHECKSUMS:
  ObjectMapper: a07ad0462c5adf014adc0f89ef04c29b626e855e
  Realm: 9d5c46a4d7d27958530a8dfc58f63a99e5c2cba3
  RealmSwift: 82f3ac5e24530143dddfde2033acc0d308f27d96
  Siesta: 5c05b45b31dfb29e4b8bd1c38f74559edd26101c
  SwiftyJSON: 04ccea08915aa0109039157c7974cf0298da292a

COCOAPODS: 0.39.0
